{
    "name": "monsters-1",
    "version": "1.0.0",
    "lockfileVersion": 1,
    "requires": true,
    "dependencies": {
        "@types/node": {
            "version": "12.0.3",
            "resolved": "https://registry.npmjs.org/@types/node/-/node-12.0.3.tgz",
            "integrity": "sha512-zkOxCS/fA+3SsdA+9Yun0iANxzhQRiNwTvJSr6N95JhuJ/x27z9G2URx1Jpt3zYFfCGUXZGL5UDxt5eyLE7wgw==",
            "dev": true
        },
        "@types/yargs": {
            "version": "13.0.0",
            "resolved": "https://registry.npmjs.org/@types/yargs/-/yargs-13.0.0.tgz",
            "integrity": "sha512-hY0o+kcz9M6kH32NUeb6VURghqMuCVkiUx+8Btsqhj4Hhov/hVGUx9DmBJeIkzlp1uAQK4wngQBCjqWdUUkFyA==",
            "dev": true,
            "requires": {
                "@types/yargs-parser": "*"
            }
        },
        "@types/yargs-parser": {
            "version": "13.0.0",
            "resolved": "https://registry.npmjs.org/@types/yargs-parser/-/yargs-parser-13.0.0.tgz",
            "integrity": "sha512-wBlsw+8n21e6eTd4yVv8YD/E3xq0O6nNnJIquutAsFGE7EyMKz7W6RNT6BRu1SmdgmlCZ9tb0X+j+D6HGr8pZw==",
            "dev": true
        },
        "readline-sync": {
            "version": "1.4.9",
            "resolved": "https://registry.npmjs.org/readline-sync/-/readline-sync-1.4.9.tgz",
            "integrity": "sha1-PtqOZfI80qF+YTAbHwADOWr17No="
        },
        "typescript": {
            "version": "3.4.5",
            "resolved": "https://registry.npmjs.org/typescript/-/typescript-3.4.5.tgz",
            "integrity": "sha512-YycBxUb49UUhdNMU5aJ7z5Ej2XGmaIBL0x34vZ82fn3hGvD+bgrMrVDpatgz2f7YxUMJxMkbWxJZeAvDxVe7Vw==",
            "dev": true
        },
        "unique-names-generator": {
            "version": "2.0.2",
            "resolved": "https://registry.npmjs.org/unique-names-generator/-/unique-names-generator-2.0.2.tgz",
            "integrity": "sha512-0mc/6W5ZrnKM82yVpJo5sV0z0Pb2Hzx0B96OM5cevEuK1jXn7gdP58G6ze41DY4xhH7ngKW66v+1e04lS6o5tA=="
        }
    }
}
